# THIS IS AN AUTOGENERATED FILE. DO NOT EDIT THIS FILE DIRECTLY.
# yarn lockfile v1
"@angular/common@2.1.2":
  version "2.1.2"
  resolved "https://registry.yarnpkg.com/@angular/common/-/common-2.1.2.tgz#5c5b37c21d6e573def1670f43962c262bc9be82e"

"@angular/core@2.1.2":
  version "2.1.2"
  resolved "https://registry.yarnpkg.com/@angular/core/-/core-2.1.2.tgz#ce39521643f3d97bc5923d5a7aa76604e973dac8"

"@angular/platform-browser@2.1.2":
  version "2.1.2"
  resolved "https://registry.yarnpkg.com/@angular/platform-browser/-/platform-browser-2.1.2.tgz#1f07c3a5668ac2381a7324f9001521deede159bc"

"@types/core-js@^0.9.34":
  version "0.9.34"
  resolved "https://registry.yarnpkg.com/@types/core-js/-/core-js-0.9.34.tgz#72c521d8e59fdaa8b65f76db71fa53c82c7c21c5"

rxjs@5.0.0-beta.12:
  version "5.0.0-beta.12"
  resolved "https://registry.yarnpkg.com/rxjs/-/rxjs-5.0.0-beta.12.tgz#cdfde2d8c4639d20ae7794bff8fddf32da7ad337"
  dependencies:
    symbol-observable "^1.0.1"

symbol-observable@^1.0.1:
  version "1.0.4"
  resolved "https://registry.yarnpkg.com/symbol-observable/-/symbol-observable-1.0.4.tgz#29bf615d4aa7121bdd898b22d4b3f9bc4e2aa03d"

typescript@^2.0.6:
  version "2.1.1"
  resolved "https://registry.yarnpkg.com/typescript/-/typescript-2.1.1.tgz#41c2b64472f529331b2055c0424862b44ce58d42"

zone.js@^0.6.21:
  version "0.6.26"
  resolved "https://registry.yarnpkg.com/zone.js/-/zone.js-0.6.26.tgz#067c13b8b80223a89b62e9dc82680f09762c4636"

